
Microsoft Visual Studio Solution File, Format Version 12.00
# Visual Studio Version 17
VisualStudioVersion = 17.4.33205.214
MinimumVisualStudioVersion = 10.0.40219.1
Project("{9A19103F-16F7-4668-BE54-9A1E7A4F7556}") = "CSC260", "CSC260\CSC260.csproj", "{8DAFC45A-5FA5-43A5-A673-46D699C9BAF2}"
EndProject
Project("{9A19103F-16F7-4668-BE54-9A1E7A4F7556}") = "MVC Website", "MVC Website\MVC Website.csproj", "{0ECB0DAD-3830-4F59-A273-66C8BBA9F828}"
EndProject
Project("{9A19103F-16F7-4668-BE54-9A1E7A4F7556}") = "Mad Lib", "Mad Lib\Mad Lib.csproj", "{9330C471-F960-4F15-8FAF-DF7974A18145}"
EndProject
Project("{9A19103F-16F7-4668-BE54-9A1E7A4F7556}") = "Game Library", "Game Library\Game Library.csproj", "{A4665111-7101-44EF-AF8A-B688146A90FD}"
EndProject
Project("{FAE04EC0-301F-11D3-BF4B-00C04F79EFBC}") = "Routing", "Routing\Routing.csproj", "{590F9A33-AC6F-47AE-BA3E-68A8E908F556}"
EndProject
Global
	GlobalSection(SolutionConfigurationPlatforms) = preSolution
		Debug|Any CPU = Debug|Any CPU
		Release|Any CPU = Release|Any CPU
	EndGlobalSection
	GlobalSection(ProjectConfigurationPlatforms) = postSolution
		{8DAFC45A-5FA5-43A5-A673-46D699C9BAF2}.Debug|Any CPU.ActiveCfg = Debug|Any CPU
		{8DAFC45A-5FA5-43A5-A673-46D699C9BAF2}.Debug|Any CPU.Build.0 = Debug|Any CPU
		{8DAFC45A-5FA5-43A5-A673-46D699C9BAF2}.Release|Any CPU.ActiveCfg = Release|Any CPU
		{8DAFC45A-5FA5-43A5-A673-46D699C9BAF2}.Release|Any CPU.Build.0 = Release|Any CPU
		{0ECB0DAD-3830-4F59-A273-66C8BBA9F828}.Debug|Any CPU.ActiveCfg = Debug|Any CPU
		{0ECB0DAD-3830-4F59-A273-66C8BBA9F828}.Debug|Any CPU.Build.0 = Debug|Any CPU
		{0ECB0DAD-3830-4F59-A273-66C8BBA9F828}.Release|Any CPU.ActiveCfg = Release|Any CPU
		{0ECB0DAD-3830-4F59-A273-66C8BBA9F828}.Release|Any CPU.Build.0 = Release|Any CPU
		{9330C471-F960-4F15-8FAF-DF7974A18145}.Debug|Any CPU.ActiveCfg = Debug|Any CPU
		{9330C471-F960-4F15-8FAF-DF7974A18145}.Debug|Any CPU.Build.0 = Debug|Any CPU
		{9330C471-F960-4F15-8FAF-DF7974A18145}.Release|Any CPU.ActiveCfg = Release|Any CPU
		{9330C471-F960-4F15-8FAF-DF7974A18145}.Release|Any CPU.Build.0 = Release|Any CPU
		{A4665111-7101-44EF-AF8A-B688146A90FD}.Debug|Any CPU.ActiveCfg = Debug|Any CPU
		{A4665111-7101-44EF-AF8A-B688146A90FD}.Debug|Any CPU.Build.0 = Debug|Any CPU
		{A4665111-7101-44EF-AF8A-B688146A90FD}.Release|Any CPU.ActiveCfg = Release|Any CPU
		{A4665111-7101-44EF-AF8A-B688146A90FD}.Release|Any CPU.Build.0 = Release|Any CPU
		{590F9A33-AC6F-47AE-BA3E-68A8E908F556}.Debug|Any CPU.ActiveCfg = Debug|Any CPU
		{590F9A33-AC6F-47AE-BA3E-68A8E908F556}.Debug|Any CPU.Build.0 = Debug|Any CPU
		{590F9A33-AC6F-47AE-BA3E-68A8E908F556}.Release|Any CPU.ActiveCfg = Release|Any CPU
		{590F9A33-AC6F-47AE-BA3E-68A8E908F556}.Release|Any CPU.Build.0 = Release|Any CPU
	EndGlobalSection
	GlobalSection(SolutionProperties) = preSolution
		HideSolutionNode = FALSE
	EndGlobalSection
	GlobalSection(ExtensibilityGlobals) = postSolution
		SolutionGuid = {6BD52385-B832-4F66-9FCA-8ADD85EDFC57}
	EndGlobalSection
EndGlobal
